# THIS IS AN AUTOGENERATED FILE. DO NOT EDIT THIS FILE DIRECTLY.
# yarn lockfile v1


"@types/braces@*":
  version "3.0.1"
  resolved "https://registry.yarnpkg.com/@types/braces/-/braces-3.0.1.tgz#5a284d193cfc61abb2e5a50d36ebbc50d942a32b"
  integrity sha512-+euflG6ygo4bn0JHtn4pYqcXwRtLvElQ7/nnjDu7iYG56H0+OhCd7d6Ug0IE3WcFpZozBKW2+80FUbv5QGk5AQ==

"@types/micromatch@^4.0.2":
  version "4.0.2"
  resolved "https://registry.yarnpkg.com/@types/micromatch/-/micromatch-4.0.2.tgz#ce29c8b166a73bf980a5727b1e4a4d099965151d"
  integrity sha512-oqXqVb0ci19GtH0vOA/U2TmHTcRY9kuZl4mqUxe0QmJAlIW13kzhuK5pi1i9+ngav8FjpSb9FVS/GE00GLX1VA==
  dependencies:
    "@types/braces" "*"

"@types/node@*":
  version "17.0.18"
  resolved "https://registry.yarnpkg.com/@types/node/-/node-17.0.18.tgz#3b4fed5cfb58010e3a2be4b6e74615e4847f1074"
  integrity sha512-eKj4f/BsN/qcculZiRSujogjvp5O/k4lOW5m35NopjZM/QwLOR075a8pJW5hD+Rtdm2DaCVPENS6KtSQnUD6BA==

"@types/recursive-readdir@^2.2.0":
  version "2.2.0"
  resolved "https://registry.yarnpkg.com/@types/recursive-readdir/-/recursive-readdir-2.2.0.tgz#b39cd5474fd58ea727fe434d5c68b7a20ba9121c"
  integrity sha512-HGk753KRu2N4mWduovY4BLjYq4jTOL29gV2OfGdGxHcPSWGFkC5RRIdk+VTs5XmYd7MVAD+JwKrcb5+5Y7FOCg==
  dependencies:
    "@types/node" "*"

"@types/ssh2-sftp-client@^7.0.1":
  version "7.0.1"
  resolved "https://registry.yarnpkg.com/@types/ssh2-sftp-client/-/ssh2-sftp-client-7.0.1.tgz#e038640c41e735cab928f5f16d458ce4ff7c56d3"
  integrity sha512-jwYy+GVYRB7vSZ91RbONvlARj0PjzDpDHYqEYR+5isuO6VbQX7Mry/1opEmf/OKYUE1oxXC/DSHLQkDhRB/0sw==
  dependencies:
    "@types/ssh2" "*"

"@types/ssh2-streams@*":
  version "0.1.9"
  resolved "https://registry.yarnpkg.com/@types/ssh2-streams/-/ssh2-streams-0.1.9.tgz#8ca51b26f08750a780f82ee75ff18d7160c07a87"
  integrity sha512-I2J9jKqfmvXLR5GomDiCoHrEJ58hAOmFrekfFqmCFd+A6gaEStvWnPykoWUwld1PNg4G5ag1LwdA+Lz1doRJqg==
  dependencies:
    "@types/node" "*"

"@types/ssh2@*":
  version "0.5.51"
  resolved "https://registry.yarnpkg.com/@types/ssh2/-/ssh2-0.5.51.tgz#8fd9f9d7d3e8973b5227878f8f1e2b4eda1716b3"
  integrity sha512-aIq7ownezauW/+VWYaeXwd5J1Evnn4EXyeKi7bT3H6ZLBLoqsmhdvkHYPLpnZPM6unKKKsxTHIyQAVOZnPiJBw==
  dependencies:
    "@types/node" "*"
    "@types/ssh2-streams" "*"

asn1@^0.2.4:
  version "0.2.6"
  resolved "https://registry.yarnpkg.com/asn1/-/asn1-0.2.6.tgz#0d3a7bb6e64e02a90c0303b31f292868ea09a08d"
  integrity sha512-ix/FxPn0MDjeyJ7i/yoHGFt/EX6LyNbxSEhPPXODPL+KB0VPk86UYfL0lMdy+KCnv+fmvIzySwaK5COwqVbWTQ==
  dependencies:
    safer-buffer "~2.1.0"

balanced-match@^1.0.0:
  version "1.0.2"
  resolved "https://registry.yarnpkg.com/balanced-match/-/balanced-match-1.0.2.tgz#e83e3a7e3f300b34cb9d87f615fa0cbf357690ee"
  integrity sha512-3oSeUO0TMV67hN1AmbXsK4yaqU7tjiHlbxRDZOpH0KW9+CeX4bRAaX0Anxt0tx2MrpRpWwQaPwIlISEJhYU5Pw==

bcrypt-pbkdf@^1.0.2:
  version "1.0.2"
  resolved "https://registry.yarnpkg.com/bcrypt-pbkdf/-/bcrypt-pbkdf-1.0.2.tgz#a4301d389b6a43f9b67ff3ca11a3f6637e360e9e"
  integrity sha1-pDAdOJtqQ/m2f/PKEaP2Y342Dp4=
  dependencies:
    tweetnacl "^0.14.3"

brace-expansion@^1.1.7:
  version "1.1.11"
  resolved "https://registry.yarnpkg.com/brace-expansion/-/brace-expansion-1.1.11.tgz#3c7fcbf529d87226f3d2f52b966ff5271eb441dd"
  integrity sha512-iCuPHDFgrHX7H2vEI/5xpz07zSHB00TpugqhmYtVmMO6518mCuRMoOYFldEBl0g187ufozdaHgWKcYFb61qGiA==
  dependencies:
    balanced-match "^1.0.0"
    concat-map "0.0.1"

braces@^3.0.1:
  version "3.0.2"
  resolved "https://registry.yarnpkg.com/braces/-/braces-3.0.2.tgz#3454e1a462ee8d599e236df336cd9ea4f8afe107"
  integrity sha512-b8um+L1RzM3WDSzvhm6gIz1yfTbBt6YTlcEKAvsmqCZZFw46z626lVj9j1yEPW33H5H+lBQpZMP1k8l+78Ha0A==
  dependencies:
    fill-range "^7.0.1"

buffer-from@^1.0.0:
  version "1.1.2"
  resolved "https://registry.yarnpkg.com/buffer-from/-/buffer-from-1.1.2.tgz#2b146a6fd72e80b4f55d255f35ed59a3a9a41bd5"
  integrity sha512-E+XQCRwSbaaiChtv6k6Dwgc+bx+Bs6vuKJHHl5kox/BaKbhiXzqQOwK4cO22yElGp2OCmjwVhT3HmxgyPGnJfQ==

concat-map@0.0.1:
  version "0.0.1"
  resolved "https://registry.yarnpkg.com/concat-map/-/concat-map-0.0.1.tgz#d8a96bd77fd68df7793a73036a3ba0d5405d477b"
  integrity sha1-2Klr13/Wjfd5OnMDajug1UBdR3s=

concat-stream@^2.0.0:
  version "2.0.0"
  resolved "https://registry.yarnpkg.com/concat-stream/-/concat-stream-2.0.0.tgz#414cf5af790a48c60ab9be4527d56d5e41133cb1"
  integrity sha512-MWufYdFw53ccGjCA+Ol7XJYpAlW6/prSMzuPOTRnJGcGzuhLn4Scrz7qf6o8bROZ514ltazcIFJZevcfbo0x7A==
  dependencies:
    buffer-from "^1.0.0"
    inherits "^2.0.3"
    readable-stream "^3.0.2"
    typedarray "^0.0.6"

cpu-features@0.0.2:
  version "0.0.2"
  resolved "https://registry.yarnpkg.com/cpu-features/-/cpu-features-0.0.2.tgz#9f636156f1155fd04bdbaa028bb3c2fbef3cea7a"
  integrity sha512-/2yieBqvMcRj8McNzkycjW2v3OIUOibBfd2dLEJ0nWts8NobAxwiyw9phVNS6oDL8x8tz9F7uNVFEVpJncQpeA==
  dependencies:
    nan "^2.14.1"

err-code@^2.0.2:
  version "2.0.3"
  resolved "https://registry.yarnpkg.com/err-code/-/err-code-2.0.3.tgz#23c2f3b756ffdfc608d30e27c9a941024807e7f9"
  integrity sha512-2bmlRpNKBxT/CRmPOlyISQpNj+qSeYvcym/uT0Jx2bMOlKLtSy1ZmLuVxSEKKyor/N5yhvp/ZiG1oE3DEYMSFA==

fill-range@^7.0.1:
  version "7.0.1"
  resolved "https://registry.yarnpkg.com/fill-range/-/fill-range-7.0.1.tgz#1919a6a7c75fe38b2c7c77e5198535da9acdda40"
  integrity sha512-qOo9F+dMUmC2Lcb4BbVvnKJxTPjCm+RRpe4gDuGrzkL7mEVl/djYSu2OdQ2Pa302N4oqkSg9ir6jaLWJ2USVpQ==
  dependencies:
    to-regex-range "^5.0.1"

inherits@^2.0.3:
  version "2.0.4"
  resolved "https://registry.yarnpkg.com/inherits/-/inherits-2.0.4.tgz#0fa2c64f932917c3433a0ded55363aae37416b7c"
  integrity sha512-k/vGaX4/Yla3WzyMCvTQOXYeIHvqOKtnqBduzTHpzpQZzAskKMhZ2K+EnBiSM9zGSoIFeMpXKxa4dYeZIQqewQ==

is-number@^7.0.0:
  version "7.0.0"
  resolved "https://registry.yarnpkg.com/is-number/-/is-number-7.0.0.tgz#7535345b896734d5f80c4d06c50955527a14f12b"
  integrity sha512-41Cifkg6e8TylSpdtTpeLVMqvSBEVzTttHvERD741+pnZ8ANv0004MRL43QKPDlK9cGvNp6NZWZUBlbGXYxxng==

micromatch@^4.0.4:
  version "4.0.4"
  resolved "https://registry.yarnpkg.com/micromatch/-/micromatch-4.0.4.tgz#896d519dfe9db25fce94ceb7a500919bf881ebf9"
  integrity sha512-pRmzw/XUcwXGpD9aI9q/0XOwLNygjETJ8y0ao0wdqprrzDa4YnxLcz7fQRZr8voh8V10kGhABbNcHVk5wHgWwg==
  dependencies:
    braces "^3.0.1"
    picomatch "^2.2.3"

minimatch@3.0.4:
  version "3.0.4"
  resolved "https://registry.yarnpkg.com/minimatch/-/minimatch-3.0.4.tgz#5166e286457f03306064be5497e8dbb0c3d32083"
  integrity sha512-yJHVQEhyqPLUTgt9B83PXu6W3rx4MvvHvSUvToogpwoGDOUQ+yDrR0HRot+yOCdCO7u4hX3pWft6kWBBcqh0UA==
  dependencies:
    brace-expansion "^1.1.7"

nan@^2.14.1, nan@^2.15.0:
  version "2.15.0"
  resolved "https://registry.yarnpkg.com/nan/-/nan-2.15.0.tgz#3f34a473ff18e15c1b5626b62903b5ad6e665fee"
  integrity sha512-8ZtvEnA2c5aYCZYd1cvgdnU6cqwixRoYg70xPLWUws5ORTa/lnw+u4amixRS/Ac5U5mQVgp9pnlSUnbNWFaWZQ==

picomatch@^2.2.3:
  version "2.3.1"
  resolved "https://registry.yarnpkg.com/picomatch/-/picomatch-2.3.1.tgz#3ba3833733646d9d3e4995946c1365a67fb07a42"
  integrity sha512-JU3teHTNjmE2VCGFzuY8EXzCDVwEqB2a8fsIvwaStHhAWJEeVd1o1QD80CU6+ZdEXXSLbSsuLwJjkCBWqRQUVA==

promise-retry@^2.0.1:
  version "2.0.1"
  resolved "https://registry.yarnpkg.com/promise-retry/-/promise-retry-2.0.1.tgz#ff747a13620ab57ba688f5fc67855410c370da22"
  integrity sha512-y+WKFlBR8BGXnsNlIHFGPZmyDf3DFMoLhaflAnyZgV6rG6xu+JwesTo2Q9R6XwYmtmwAFCkAk3e35jEdoeh/3g==
  dependencies:
    err-code "^2.0.2"
    retry "^0.12.0"

readable-stream@^3.0.2:
  version "3.6.0"
  resolved "https://registry.yarnpkg.com/readable-stream/-/readable-stream-3.6.0.tgz#337bbda3adc0706bd3e024426a286d4b4b2c9198"
  integrity sha512-BViHy7LKeTz4oNnkcLJ+lVSL6vpiFeX6/d3oSH8zCW7UxP2onchk+vTGB143xuFjHS3deTgkKoXXymXqymiIdA==
  dependencies:
    inherits "^2.0.3"
    string_decoder "^1.1.1"
    util-deprecate "^1.0.1"

recursive-readdir@^2.2.2:
  version "2.2.2"
  resolved "https://registry.yarnpkg.com/recursive-readdir/-/recursive-readdir-2.2.2.tgz#9946fb3274e1628de6e36b2f6714953b4845094f"
  integrity sha512-nRCcW9Sj7NuZwa2XvH9co8NPeXUBhZP7CRKJtU+cS6PW9FpCIFoI5ib0NT1ZrbNuPoRy0ylyCaUL8Gih4LSyFg==
  dependencies:
    minimatch "3.0.4"

retry@^0.12.0:
  version "0.12.0"
  resolved "https://registry.yarnpkg.com/retry/-/retry-0.12.0.tgz#1b42a6266a21f07421d1b0b54b7dc167b01c013b"
  integrity sha1-G0KmJmoh8HQh0bC1S33BZ7AcATs=

safe-buffer@~5.2.0:
  version "5.2.1"
  resolved "https://registry.yarnpkg.com/safe-buffer/-/safe-buffer-5.2.1.tgz#1eaf9fa9bdb1fdd4ec75f58f9cdb4e6b7827eec6"
  integrity sha512-rp3So07KcdmmKbGvgaNxQSJr7bGVSVk5S9Eq1F+ppbRo70+YeaDxkw5Dd8NPN+GD6bjnYm2VuPuCXmpuYvmCXQ==

safer-buffer@~2.1.0:
  version "2.1.2"
  resolved "https://registry.yarnpkg.com/safer-buffer/-/safer-buffer-2.1.2.tgz#44fa161b0187b9549dd84bb91802f9bd8385cd6a"
  integrity sha512-YZo3K82SD7Riyi0E1EQPojLz7kpepnSQI9IyPbHHg1XXXevb5dJI7tpyN2ADxGcQbHG7vcyRHk0cbwqcQriUtg==

ssh2-sftp-client@^7.2.2:
  version "7.2.2"
  resolved "https://registry.yarnpkg.com/ssh2-sftp-client/-/ssh2-sftp-client-7.2.2.tgz#e7ce48b43efe2ac556dd47a47f16c40b1f879ce4"
  integrity sha512-qZYivU1zezyRomCf+TtsCYVAsc0TDQWzxJMMUN8NknEPonm2TYGxJAzrW8acUh2ILYgA0ZPOJElLV/qp9nRVYQ==
  dependencies:
    concat-stream "^2.0.0"
    promise-retry "^2.0.1"
    ssh2 "^1.6.0"

ssh2@^1.6.0:
  version "1.6.0"
  resolved "https://registry.yarnpkg.com/ssh2/-/ssh2-1.6.0.tgz#61aebc3a6910fe488f9c85cd8355bdf8d4724e05"
  integrity sha512-lxc+uvXqOxyQ99N2M7k5o4pkYDO5GptOTYduWw7hIM41icxvoBcCNHcj+LTKrjkL0vFcAl+qfZekthoSFRJn2Q==
  dependencies:
    asn1 "^0.2.4"
    bcrypt-pbkdf "^1.0.2"
  optionalDependencies:
    cpu-features "0.0.2"
    nan "^2.15.0"

string_decoder@^1.1.1:
  version "1.3.0"
  resolved "https://registry.yarnpkg.com/string_decoder/-/string_decoder-1.3.0.tgz#42f114594a46cf1a8e30b0a84f56c78c3edac21e"
  integrity sha512-hkRX8U1WjJFd8LsDJ2yQ/wWWxaopEsABU1XfkM8A+j0+85JAGppt16cr1Whg6KIbb4okU6Mql6BOj+uup/wKeA==
  dependencies:
    safe-buffer "~5.2.0"

to-regex-range@^5.0.1:
  version "5.0.1"
  resolved "https://registry.yarnpkg.com/to-regex-range/-/to-regex-range-5.0.1.tgz#1648c44aae7c8d988a326018ed72f5b4dd0392e4"
  integrity sha512-65P7iz6X5yEr1cwcgvQxbbIw7Uk3gOy5dIdtZ4rDveLqhrdJP+Li/Hx6tyK0NEb+2GCyneCMJiGqrADCSNk8sQ==
  dependencies:
    is-number "^7.0.0"

tweetnacl@^0.14.3:
  version "0.14.5"
  resolved "https://registry.yarnpkg.com/tweetnacl/-/tweetnacl-0.14.5.tgz#5ae68177f192d4456269d108afa93ff8743f4f64"
  integrity sha1-WuaBd/GS1EViadEIr6k/+HQ/T2Q=

typedarray@^0.0.6:
  version "0.0.6"
  resolved "https://registry.yarnpkg.com/typedarray/-/typedarray-0.0.6.tgz#867ac74e3864187b1d3d47d996a78ec5c8830777"
  integrity sha1-hnrHTjhkGHsdPUfZlqeOxciDB3c=

typescript@^4.5.5:
  version "4.5.5"
  resolved "https://registry.yarnpkg.com/typescript/-/typescript-4.5.5.tgz#d8c953832d28924a9e3d37c73d729c846c5896f3"
  integrity sha512-TCTIul70LyWe6IJWT8QSYeA54WQe8EjQFU4wY52Fasj5UKx88LNYKCgBEHcOMOrFF1rKGbD8v/xcNWVUq9SymA==

util-deprecate@^1.0.1:
  version "1.0.2"
  resolved "https://registry.yarnpkg.com/util-deprecate/-/util-deprecate-1.0.2.tgz#450d4dc9fa70de732762fbd2d4a28981419a0ccf"
  integrity sha1-RQ1Nyfpw3nMnYvvS1KKJgUGaDM8=

zod@^3.11.6:
  version "3.11.6"
  resolved "https://registry.yarnpkg.com/zod/-/zod-3.11.6.tgz#e43a5e0c213ae2e02aefe7cb2b1a6fa3d7f1f483"
  integrity sha512-daZ80A81I3/9lIydI44motWe6n59kRBfNzTuS2bfzVh1nAXi667TOTWWtatxyG+fwgNUiagSj/CWZwRRbevJIg==
